
Microsoft Visual Studio Solution File, Format Version 12.00
# Visual Studio Version 17
VisualStudioVersion = 17.0.32112.339
MinimumVisualStudioVersion = 10.0.40219.1
Project("{9A19103F-16F7-4668-BE54-9A1E7A4F7556}") = "Exercism-Tournament", "Exercism-Tournament\Exercism-Tournament.csproj", "{B32D31BB-16B3-43A9-A2D2-E06160E1673D}"
EndProject
Project("{FAE04EC0-301F-11D3-BF4B-00C04F79EFBC}") = "Tournament-Test", "Tournament-Test\Tournament-Test.csproj", "{ACE5B225-18B4-45CB-BEC3-84BAB21DC78A}"
EndProject
Global
	GlobalSection(SolutionConfigurationPlatforms) = preSolution
		Debug|Any CPU = Debug|Any CPU
		Release|Any CPU = Release|Any CPU
	EndGlobalSection
	GlobalSection(ProjectConfigurationPlatforms) = postSolution
		{B32D31BB-16B3-43A9-A2D2-E06160E1673D}.Debug|Any CPU.ActiveCfg = Debug|Any CPU
		{B32D31BB-16B3-43A9-A2D2-E06160E1673D}.Debug|Any CPU.Build.0 = Debug|Any CPU
		{B32D31BB-16B3-43A9-A2D2-E06160E1673D}.Release|Any CPU.ActiveCfg = Release|Any CPU
		{B32D31BB-16B3-43A9-A2D2-E06160E1673D}.Release|Any CPU.Build.0 = Release|Any CPU
		{ACE5B225-18B4-45CB-BEC3-84BAB21DC78A}.Debug|Any CPU.ActiveCfg = Debug|Any CPU
		{ACE5B225-18B4-45CB-BEC3-84BAB21DC78A}.Debug|Any CPU.Build.0 = Debug|Any CPU
		{ACE5B225-18B4-45CB-BEC3-84BAB21DC78A}.Release|Any CPU.ActiveCfg = Release|Any CPU
		{ACE5B225-18B4-45CB-BEC3-84BAB21DC78A}.Release|Any CPU.Build.0 = Release|Any CPU
	EndGlobalSection
	GlobalSection(SolutionProperties) = preSolution
		HideSolutionNode = FALSE
	EndGlobalSection
	GlobalSection(ExtensibilityGlobals) = postSolution
		SolutionGuid = {C80CF455-2279-4459-B4BA-4F79D7F41A6C}
	EndGlobalSection
EndGlobal
